
Microsoft Visual Studio Solution File, Format Version 12.00
# Visual Studio Version 17
VisualStudioVersion = 17.7.34031.279
MinimumVisualStudioVersion = 10.0.40219.1
Project("{9A19103F-16F7-4668-BE54-9A1E7A4F7556}") = "PZ_01", "PZ_01\PZ_01.csproj", "{006E29B8-291F-4655-A904-C7364CE2C08D}"
EndProject
Project("{9A19103F-16F7-4668-BE54-9A1E7A4F7556}") = "PZ_02", "PZ_02\PZ_02.csproj", "{0BA2FD75-8A02-4C71-BFC0-B53262897991}"
EndProject
Project("{9A19103F-16F7-4668-BE54-9A1E7A4F7556}") = "PZ_03", "PZ_03\PZ_03.csproj", "{23259906-D197-455B-AC47-95629CFAD816}"
EndProject
Project("{9A19103F-16F7-4668-BE54-9A1E7A4F7556}") = "PZ_04", "PZ_04\PZ_04.csproj", "{560815B8-6083-4C2F-A923-A01C2F90905A}"
EndProject
Project("{9A19103F-16F7-4668-BE54-9A1E7A4F7556}") = "PZ_05", "PZ_05\PZ_05.csproj", "{A3B67D91-0385-4B53-A8C2-64189162A65F}"
EndProject
Project("{9A19103F-16F7-4668-BE54-9A1E7A4F7556}") = "PZ_06", "PZ_06\PZ_06.csproj", "{2150A84A-64DA-4DCF-BB29-BF5ECDA0FF4C}"
EndProject
Project("{9A19103F-16F7-4668-BE54-9A1E7A4F7556}") = "PZ_07", "PZ_07\PZ_07.csproj", "{CE1B8808-B34B-42FB-BA11-A0BC8A3510F2}"
EndProject
Project("{9A19103F-16F7-4668-BE54-9A1E7A4F7556}") = "PZ_08", "PZ_08\PZ_08.csproj", "{72CF7A3C-51A4-441A-A2D6-8851211F2E6F}"
EndProject
Project("{9A19103F-16F7-4668-BE54-9A1E7A4F7556}") = "PZ_09", "PZ_09\PZ_09.csproj", "{BB59AD62-8BAB-4582-B0DE-B6562D379F53}"
EndProject
Project("{9A19103F-16F7-4668-BE54-9A1E7A4F7556}") = "PZ_10", "PZ_10\PZ_10.csproj", "{AE9B3D49-0FAC-4BEB-AAAE-35058B74A474}"
EndProject
Project("{9A19103F-16F7-4668-BE54-9A1E7A4F7556}") = "PZ_11", "PZ_11\PZ_11.csproj", "{C1EED757-CFBE-4C02-8596-604FD0FF142C}"
EndProject
Project("{9A19103F-16F7-4668-BE54-9A1E7A4F7556}") = "PZ_12", "PZ_12\PZ_12.csproj", "{2343A1E2-D4F8-4FB1-90B7-4CBB4CC3279D}"
EndProject
Project("{9A19103F-16F7-4668-BE54-9A1E7A4F7556}") = "PZ_13", "PZ_13\PZ_13.csproj", "{B5A483C2-021D-4CD0-A494-118AD3F042BF}"
EndProject
Project("{9A19103F-16F7-4668-BE54-9A1E7A4F7556}") = "PZ_14", "PZ_14\PZ_14.csproj", "{BF11608A-8890-4518-AFB9-E4E6D31CB67E}"
EndProject
Project("{9A19103F-16F7-4668-BE54-9A1E7A4F7556}") = "PZ_15", "PZ_15\PZ_15.csproj", "{292DE7AC-70BD-40E4-A47D-135392E1CE2F}"
EndProject
Project("{FAE04EC0-301F-11D3-BF4B-00C04F79EFBC}") = "PZ_16", "PZ_16\PZ_16.csproj", "{688C0C4C-8C3C-4D76-98B2-53F7C502B4B2}"
EndProject
Global
	GlobalSection(SolutionConfigurationPlatforms) = preSolution
		Debug|Any CPU = Debug|Any CPU
		Release|Any CPU = Release|Any CPU
	EndGlobalSection
	GlobalSection(ProjectConfigurationPlatforms) = postSolution
		{006E29B8-291F-4655-A904-C7364CE2C08D}.Debug|Any CPU.ActiveCfg = Debug|Any CPU
		{006E29B8-291F-4655-A904-C7364CE2C08D}.Debug|Any CPU.Build.0 = Debug|Any CPU
		{006E29B8-291F-4655-A904-C7364CE2C08D}.Release|Any CPU.ActiveCfg = Release|Any CPU
		{006E29B8-291F-4655-A904-C7364CE2C08D}.Release|Any CPU.Build.0 = Release|Any CPU
		{0BA2FD75-8A02-4C71-BFC0-B53262897991}.Debug|Any CPU.ActiveCfg = Debug|Any CPU
		{0BA2FD75-8A02-4C71-BFC0-B53262897991}.Debug|Any CPU.Build.0 = Debug|Any CPU
		{0BA2FD75-8A02-4C71-BFC0-B53262897991}.Release|Any CPU.ActiveCfg = Release|Any CPU
		{0BA2FD75-8A02-4C71-BFC0-B53262897991}.Release|Any CPU.Build.0 = Release|Any CPU
		{23259906-D197-455B-AC47-95629CFAD816}.Debug|Any CPU.ActiveCfg = Debug|Any CPU
		{23259906-D197-455B-AC47-95629CFAD816}.Debug|Any CPU.Build.0 = Debug|Any CPU
		{23259906-D197-455B-AC47-95629CFAD816}.Release|Any CPU.ActiveCfg = Release|Any CPU
		{23259906-D197-455B-AC47-95629CFAD816}.Release|Any CPU.Build.0 = Release|Any CPU
		{560815B8-6083-4C2F-A923-A01C2F90905A}.Debug|Any CPU.ActiveCfg = Debug|Any CPU
		{560815B8-6083-4C2F-A923-A01C2F90905A}.Debug|Any CPU.Build.0 = Debug|Any CPU
		{560815B8-6083-4C2F-A923-A01C2F90905A}.Release|Any CPU.ActiveCfg = Release|Any CPU
		{560815B8-6083-4C2F-A923-A01C2F90905A}.Release|Any CPU.Build.0 = Release|Any CPU
		{A3B67D91-0385-4B53-A8C2-64189162A65F}.Debug|Any CPU.ActiveCfg = Debug|Any CPU
		{A3B67D91-0385-4B53-A8C2-64189162A65F}.Debug|Any CPU.Build.0 = Debug|Any CPU
		{A3B67D91-0385-4B53-A8C2-64189162A65F}.Release|Any CPU.ActiveCfg = Release|Any CPU
		{A3B67D91-0385-4B53-A8C2-64189162A65F}.Release|Any CPU.Build.0 = Release|Any CPU
		{2150A84A-64DA-4DCF-BB29-BF5ECDA0FF4C}.Debug|Any CPU.ActiveCfg = Debug|Any CPU
		{2150A84A-64DA-4DCF-BB29-BF5ECDA0FF4C}.Debug|Any CPU.Build.0 = Debug|Any CPU
		{2150A84A-64DA-4DCF-BB29-BF5ECDA0FF4C}.Release|Any CPU.ActiveCfg = Release|Any CPU
		{2150A84A-64DA-4DCF-BB29-BF5ECDA0FF4C}.Release|Any CPU.Build.0 = Release|Any CPU
		{CE1B8808-B34B-42FB-BA11-A0BC8A3510F2}.Debug|Any CPU.ActiveCfg = Debug|Any CPU
		{CE1B8808-B34B-42FB-BA11-A0BC8A3510F2}.Debug|Any CPU.Build.0 = Debug|Any CPU
		{CE1B8808-B34B-42FB-BA11-A0BC8A3510F2}.Release|Any CPU.ActiveCfg = Release|Any CPU
		{CE1B8808-B34B-42FB-BA11-A0BC8A3510F2}.Release|Any CPU.Build.0 = Release|Any CPU
		{72CF7A3C-51A4-441A-A2D6-8851211F2E6F}.Debug|Any CPU.ActiveCfg = Debug|Any CPU
		{72CF7A3C-51A4-441A-A2D6-8851211F2E6F}.Debug|Any CPU.Build.0 = Debug|Any CPU
		{72CF7A3C-51A4-441A-A2D6-8851211F2E6F}.Release|Any CPU.ActiveCfg = Release|Any CPU
		{72CF7A3C-51A4-441A-A2D6-8851211F2E6F}.Release|Any CPU.Build.0 = Release|Any CPU
		{BB59AD62-8BAB-4582-B0DE-B6562D379F53}.Debug|Any CPU.ActiveCfg = Debug|Any CPU
		{BB59AD62-8BAB-4582-B0DE-B6562D379F53}.Debug|Any CPU.Build.0 = Debug|Any CPU
		{BB59AD62-8BAB-4582-B0DE-B6562D379F53}.Release|Any CPU.ActiveCfg = Release|Any CPU
		{BB59AD62-8BAB-4582-B0DE-B6562D379F53}.Release|Any CPU.Build.0 = Release|Any CPU
		{AE9B3D49-0FAC-4BEB-AAAE-35058B74A474}.Debug|Any CPU.ActiveCfg = Debug|Any CPU
		{AE9B3D49-0FAC-4BEB-AAAE-35058B74A474}.Debug|Any CPU.Build.0 = Debug|Any CPU
		{AE9B3D49-0FAC-4BEB-AAAE-35058B74A474}.Release|Any CPU.ActiveCfg = Release|Any CPU
		{AE9B3D49-0FAC-4BEB-AAAE-35058B74A474}.Release|Any CPU.Build.0 = Release|Any CPU
		{C1EED757-CFBE-4C02-8596-604FD0FF142C}.Debug|Any CPU.ActiveCfg = Debug|Any CPU
		{C1EED757-CFBE-4C02-8596-604FD0FF142C}.Debug|Any CPU.Build.0 = Debug|Any CPU
		{C1EED757-CFBE-4C02-8596-604FD0FF142C}.Release|Any CPU.ActiveCfg = Release|Any CPU
		{C1EED757-CFBE-4C02-8596-604FD0FF142C}.Release|Any CPU.Build.0 = Release|Any CPU
		{2343A1E2-D4F8-4FB1-90B7-4CBB4CC3279D}.Debug|Any CPU.ActiveCfg = Debug|Any CPU
		{2343A1E2-D4F8-4FB1-90B7-4CBB4CC3279D}.Debug|Any CPU.Build.0 = Debug|Any CPU
		{2343A1E2-D4F8-4FB1-90B7-4CBB4CC3279D}.Release|Any CPU.ActiveCfg = Release|Any CPU
		{2343A1E2-D4F8-4FB1-90B7-4CBB4CC3279D}.Release|Any CPU.Build.0 = Release|Any CPU
		{B5A483C2-021D-4CD0-A494-118AD3F042BF}.Debug|Any CPU.ActiveCfg = Debug|Any CPU
		{B5A483C2-021D-4CD0-A494-118AD3F042BF}.Debug|Any CPU.Build.0 = Debug|Any CPU
		{B5A483C2-021D-4CD0-A494-118AD3F042BF}.Release|Any CPU.ActiveCfg = Release|Any CPU
		{B5A483C2-021D-4CD0-A494-118AD3F042BF}.Release|Any CPU.Build.0 = Release|Any CPU
		{BF11608A-8890-4518-AFB9-E4E6D31CB67E}.Debug|Any CPU.ActiveCfg = Debug|Any CPU
		{BF11608A-8890-4518-AFB9-E4E6D31CB67E}.Debug|Any CPU.Build.0 = Debug|Any CPU
		{BF11608A-8890-4518-AFB9-E4E6D31CB67E}.Release|Any CPU.ActiveCfg = Release|Any CPU
		{BF11608A-8890-4518-AFB9-E4E6D31CB67E}.Release|Any CPU.Build.0 = Release|Any CPU
		{292DE7AC-70BD-40E4-A47D-135392E1CE2F}.Debug|Any CPU.ActiveCfg = Debug|Any CPU
		{292DE7AC-70BD-40E4-A47D-135392E1CE2F}.Debug|Any CPU.Build.0 = Debug|Any CPU
		{292DE7AC-70BD-40E4-A47D-135392E1CE2F}.Release|Any CPU.ActiveCfg = Release|Any CPU
		{292DE7AC-70BD-40E4-A47D-135392E1CE2F}.Release|Any CPU.Build.0 = Release|Any CPU
		{688C0C4C-8C3C-4D76-98B2-53F7C502B4B2}.Debug|Any CPU.ActiveCfg = Debug|Any CPU
		{688C0C4C-8C3C-4D76-98B2-53F7C502B4B2}.Debug|Any CPU.Build.0 = Debug|Any CPU
		{688C0C4C-8C3C-4D76-98B2-53F7C502B4B2}.Release|Any CPU.ActiveCfg = Release|Any CPU
		{688C0C4C-8C3C-4D76-98B2-53F7C502B4B2}.Release|Any CPU.Build.0 = Release|Any CPU
	EndGlobalSection
	GlobalSection(SolutionProperties) = preSolution
		HideSolutionNode = FALSE
	EndGlobalSection
	GlobalSection(ExtensibilityGlobals) = postSolution
		SolutionGuid = {EE05D516-41EC-49F9-8563-FE273B57C410}
	EndGlobalSection
EndGlobal
