
Microsoft Visual Studio Solution File, Format Version 12.00
# Visual Studio Version 17
VisualStudioVersion = 17.7.34031.279
MinimumVisualStudioVersion = 10.0.40219.1
Project("{FAE04EC0-301F-11D3-BF4B-00C04F79EFBC}") = "PZ_01", "PZ_01\PZ_01.csproj", "{006E29B8-291F-4655-A904-C7364CE2C08D}"
EndProject
Project("{FAE04EC0-301F-11D3-BF4B-00C04F79EFBC}") = "PZ_02", "PZ_02\PZ_02.csproj", "{0BA2FD75-8A02-4C71-BFC0-B53262897991}"
EndProject
Project("{FAE04EC0-301F-11D3-BF4B-00C04F79EFBC}") = "PZ_03", "PZ_03\PZ_03.csproj", "{23259906-D197-455B-AC47-95629CFAD816}"
EndProject
Project("{FAE04EC0-301F-11D3-BF4B-00C04F79EFBC}") = "PZ_04", "PZ_04\PZ_04.csproj", "{560815B8-6083-4C2F-A923-A01C2F90905A}"
EndProject
Project("{FAE04EC0-301F-11D3-BF4B-00C04F79EFBC}") = "PZ_05", "PZ_05\PZ_05.csproj", "{A3B67D91-0385-4B53-A8C2-64189162A65F}"
EndProject
Global
	GlobalSection(SolutionConfigurationPlatforms) = preSolution
		Debug|Any CPU = Debug|Any CPU
		Release|Any CPU = Release|Any CPU
	EndGlobalSection
	GlobalSection(ProjectConfigurationPlatforms) = postSolution
		{006E29B8-291F-4655-A904-C7364CE2C08D}.Debug|Any CPU.ActiveCfg = Debug|Any CPU
		{006E29B8-291F-4655-A904-C7364CE2C08D}.Debug|Any CPU.Build.0 = Debug|Any CPU
		{006E29B8-291F-4655-A904-C7364CE2C08D}.Release|Any CPU.ActiveCfg = Release|Any CPU
		{006E29B8-291F-4655-A904-C7364CE2C08D}.Release|Any CPU.Build.0 = Release|Any CPU
		{0BA2FD75-8A02-4C71-BFC0-B53262897991}.Debug|Any CPU.ActiveCfg = Debug|Any CPU
		{0BA2FD75-8A02-4C71-BFC0-B53262897991}.Debug|Any CPU.Build.0 = Debug|Any CPU
		{0BA2FD75-8A02-4C71-BFC0-B53262897991}.Release|Any CPU.ActiveCfg = Release|Any CPU
		{0BA2FD75-8A02-4C71-BFC0-B53262897991}.Release|Any CPU.Build.0 = Release|Any CPU
		{23259906-D197-455B-AC47-95629CFAD816}.Debug|Any CPU.ActiveCfg = Debug|Any CPU
		{23259906-D197-455B-AC47-95629CFAD816}.Debug|Any CPU.Build.0 = Debug|Any CPU
		{23259906-D197-455B-AC47-95629CFAD816}.Release|Any CPU.ActiveCfg = Release|Any CPU
		{23259906-D197-455B-AC47-95629CFAD816}.Release|Any CPU.Build.0 = Release|Any CPU
		{560815B8-6083-4C2F-A923-A01C2F90905A}.Debug|Any CPU.ActiveCfg = Debug|Any CPU
		{560815B8-6083-4C2F-A923-A01C2F90905A}.Debug|Any CPU.Build.0 = Debug|Any CPU
		{560815B8-6083-4C2F-A923-A01C2F90905A}.Release|Any CPU.ActiveCfg = Release|Any CPU
		{560815B8-6083-4C2F-A923-A01C2F90905A}.Release|Any CPU.Build.0 = Release|Any CPU
		{A3B67D91-0385-4B53-A8C2-64189162A65F}.Debug|Any CPU.ActiveCfg = Debug|Any CPU
		{A3B67D91-0385-4B53-A8C2-64189162A65F}.Debug|Any CPU.Build.0 = Debug|Any CPU
		{A3B67D91-0385-4B53-A8C2-64189162A65F}.Release|Any CPU.ActiveCfg = Release|Any CPU
		{A3B67D91-0385-4B53-A8C2-64189162A65F}.Release|Any CPU.Build.0 = Release|Any CPU
	EndGlobalSection
	GlobalSection(SolutionProperties) = preSolution
		HideSolutionNode = FALSE
	EndGlobalSection
	GlobalSection(ExtensibilityGlobals) = postSolution
		SolutionGuid = {EE05D516-41EC-49F9-8563-FE273B57C410}
	EndGlobalSection
EndGlobal
